schema: '2.0'
stages:
  process:
    cmd: python -m src.data.make_dataset ./data/raw/laptopPrice.csv ./data/processed/laptop-pricing.csv
    deps:
    - path: src/data/make_dataset.py
      hash: md5
      md5: 489653924a63a1968260394834ddd43b
      size: 5980
    outs:
    - path: data/processed/laptop-pricing.csv
      hash: md5
      md5: 61faece87cb38964467e56deed575c4f
      size: 220487
  train:
    cmd: python -m src.models.train_model ./data/processed/laptop-pricing.csv ./models/model.pkl
    deps:
    - path: data/processed/laptop-pricing.csv
      hash: md5
      md5: 61faece87cb38964467e56deed575c4f
      size: 220487
    - path: src/models/train_model.py
      hash: md5
      md5: ce0f3c40af6473da67b8f115d0ae242f
      size: 3144
    outs:
    - path: models/model.pkl
      hash: md5
      md5: 01fa17d995c0cad1d551b1c13d22f843
      size: 915
