schema: '2.0'
stages:
  process:
    cmd: python -m src.data.make_dataset ./data/raw/laptopPrice.csv ./data/processed/laptop-pricing.csv
    deps:
    - path: src/data/make_dataset.py
      hash: md5
      md5: 489653924a63a1968260394834ddd43b
      size: 5980
    outs:
    - path: data/processed/laptop-pricing.csv
      hash: md5
      md5: 61faece87cb38964467e56deed575c4f
      size: 220487
  train:
    cmd: python -m src.models.train_model ./data/processed/laptop-pricing.csv ./models/model.pkl
    deps:
    - path: data/processed/laptop-pricing.csv
      hash: md5
      md5: 61faece87cb38964467e56deed575c4f
      size: 220487
    - path: src/models/train_model.py
      hash: md5
      md5: 867869e06c3f7c0271df18e4c1cc2a39
      size: 3190
    outs:
    - path: models/model.pkl
      hash: md5
      md5: 164b32b0506c728c9eb65a43649bae69
      size: 2552
