schema: '2.0'
stages:
  process:
    cmd: python -m src.data.make_dataset data/raw/laptopPrice.csv data/processed/laptop-pricing.csv
    deps:
    - path: data/raw/laptopPrice.csv
      hash: md5
      md5: d24a79d72406369abae616bafc2545eb
      size: 93007
    - path: src/data/make_dataset.py
      hash: md5
      md5: 489653924a63a1968260394834ddd43b
      size: 5980
    outs:
    - path: data/processed/laptop-pricing.csv
      hash: md5
      md5: 61faece87cb38964467e56deed575c4f
      size: 220487
  train:
    cmd: python -m src.models.train_model data/processed/laptop-pricing.csv models/model.pkl
    deps:
    - path: data/processed/laptop-pricing.csv
      hash: md5
      md5: 61faece87cb38964467e56deed575c4f
      size: 220487
    - path: src/models/train_model.py
      hash: md5
      md5: 79432a6e94f49838136478ac3142db09
      size: 3154
    outs:
    - path: models/model.pkl
      hash: md5
      md5: 01fa17d995c0cad1d551b1c13d22f843
      size: 915
    - path: reports/figures/true_vs_predicted.png
      hash: md5
      md5: ceb72d562ee54d5dca8e46f31d0993a3
      size: 21635
  get_data:
    cmd: python -m src.data.get_data fiap-ds-mlops dataset/laptopPrice.csv data/raw/laptopPrice.csv
    deps:
    - path: src/data/get_data.py
      hash: md5
      md5: 2349c0837de772e4d42209e72d4814c7
      size: 1259
    outs:
    - path: data/raw/laptopPrice.csv
      hash: md5
      md5: d24a79d72406369abae616bafc2545eb
      size: 93007
